
Microsoft Visual Studio Solution File, Format Version 12.00
# Visual Studio 2013
VisualStudioVersion = 12.0.30110.0
MinimumVisualStudioVersion = 10.0.40219.1
Project("{2150E333-8FDC-42A3-9474-1A3956D46DE8}") = "Beispiel01", "Beispiel01", "{A3A39158-6EB9-4697-848D-F9EF4F61415A}"
EndProject
Project("{2150E333-8FDC-42A3-9474-1A3956D46DE8}") = "Beispiel02", "Beispiel02", "{066EFA26-20B2-4B4C-AB07-077E6FB5A4C1}"
EndProject
Project("{2150E333-8FDC-42A3-9474-1A3956D46DE8}") = "Beispiel03", "Beispiel03", "{AE83FB79-CF8B-4C2A-88DE-E3642285C5C9}"
EndProject
Project("{2150E333-8FDC-42A3-9474-1A3956D46DE8}") = "Beispiel04", "Beispiel04", "{2F2607D7-6513-401D-8165-4477A34824B8}"
EndProject
Project("{2150E333-8FDC-42A3-9474-1A3956D46DE8}") = "Beispiel05", "Beispiel05", "{2C97F0BD-141B-4060-89C1-0F7DA7175D2F}"
EndProject
Project("{FAE04EC0-301F-11D3-BF4B-00C04F79EFBC}") = "CodeSharing.App01.Wpf", "CodeSharing.App01.Wpf\CodeSharing.App01.Wpf.csproj", "{0655C39F-211B-477F-8D6C-FA34781B3AF7}"
EndProject
Project("{FAE04EC0-301F-11D3-BF4B-00C04F79EFBC}") = "CodeSharing.App02.Wpf", "CodeSharing.App02.Wpf\CodeSharing.App02.Wpf.csproj", "{73AD578F-6A23-41A5-ACA2-E1DF1BAF21E8}"
EndProject
Project("{FAE04EC0-301F-11D3-BF4B-00C04F79EFBC}") = "CodeSharing.App03.Wpf", "CodeSharing.App03.Wpf\CodeSharing.App03.Wpf.csproj", "{45033956-2675-4B6A-B86E-19BB254CC90E}"
EndProject
Project("{FAE04EC0-301F-11D3-BF4B-00C04F79EFBC}") = "CodeSharing.App04.Wpf", "CodeSharing.App04.Wpf\CodeSharing.App04.Wpf.csproj", "{638D2042-2FC9-47F3-AA69-1189F58FB8EA}"
EndProject
Project("{FAE04EC0-301F-11D3-BF4B-00C04F79EFBC}") = "CodeSharing.App05.Wpf", "CodeSharing.App05.Wpf\CodeSharing.App05.Wpf.csproj", "{728DB771-2861-4118-AB19-B88B63C3FEFD}"
EndProject
Project("{FAE04EC0-301F-11D3-BF4B-00C04F79EFBC}") = "CodeSharing.App01.Metro", "CodeSharing.App01.Metro\CodeSharing.App01.Metro.csproj", "{411595D3-95E6-48F4-850F-875848AB7CE6}"
EndProject
Project("{FAE04EC0-301F-11D3-BF4B-00C04F79EFBC}") = "CodeSharing.App02.Metro", "CodeSharing.App02.Metro\CodeSharing.App02.Metro.csproj", "{AF5BFDFD-BEC5-4E69-930E-8B78BABA8786}"
EndProject
Project("{FAE04EC0-301F-11D3-BF4B-00C04F79EFBC}") = "CodeSharing.App03.Metro", "CodeSharing.App03.Metro\CodeSharing.App03.Metro.csproj", "{856212AB-B3E0-4A76-AA11-27174A28EC7A}"
EndProject
Project("{FAE04EC0-301F-11D3-BF4B-00C04F79EFBC}") = "CodeSharing.App04.Metro", "CodeSharing.App04.Metro\CodeSharing.App04.Metro.csproj", "{CC1F03A4-15AB-45B3-803C-88C32249493D}"
EndProject
Project("{FAE04EC0-301F-11D3-BF4B-00C04F79EFBC}") = "CodeSharing.App05.Metro", "CodeSharing.App05.Metro\CodeSharing.App05.Metro.csproj", "{E2185DE8-A0A4-4CD1-BE24-5CBF051A32E7}"
EndProject
Project("{FAE04EC0-301F-11D3-BF4B-00C04F79EFBC}") = "CodeSharing.Pcl01", "CodeSharing.Pcl01\CodeSharing.Pcl01.csproj", "{7AADF27C-6DA8-44EF-8F4F-3B69CA7A6404}"
EndProject
Global
	GlobalSection(SolutionConfigurationPlatforms) = preSolution
		Debug|Any CPU = Debug|Any CPU
		Debug|ARM = Debug|ARM
		Debug|x64 = Debug|x64
		Debug|x86 = Debug|x86
		Release|Any CPU = Release|Any CPU
		Release|ARM = Release|ARM
		Release|x64 = Release|x64
		Release|x86 = Release|x86
	EndGlobalSection
	GlobalSection(ProjectConfigurationPlatforms) = postSolution
		{0655C39F-211B-477F-8D6C-FA34781B3AF7}.Debug|Any CPU.ActiveCfg = Debug|Any CPU
		{0655C39F-211B-477F-8D6C-FA34781B3AF7}.Debug|Any CPU.Build.0 = Debug|Any CPU
		{0655C39F-211B-477F-8D6C-FA34781B3AF7}.Debug|ARM.ActiveCfg = Debug|Any CPU
		{0655C39F-211B-477F-8D6C-FA34781B3AF7}.Debug|x64.ActiveCfg = Debug|Any CPU
		{0655C39F-211B-477F-8D6C-FA34781B3AF7}.Debug|x86.ActiveCfg = Debug|Any CPU
		{0655C39F-211B-477F-8D6C-FA34781B3AF7}.Release|Any CPU.ActiveCfg = Release|Any CPU
		{0655C39F-211B-477F-8D6C-FA34781B3AF7}.Release|Any CPU.Build.0 = Release|Any CPU
		{0655C39F-211B-477F-8D6C-FA34781B3AF7}.Release|ARM.ActiveCfg = Release|Any CPU
		{0655C39F-211B-477F-8D6C-FA34781B3AF7}.Release|x64.ActiveCfg = Release|Any CPU
		{0655C39F-211B-477F-8D6C-FA34781B3AF7}.Release|x86.ActiveCfg = Release|Any CPU
		{73AD578F-6A23-41A5-ACA2-E1DF1BAF21E8}.Debug|Any CPU.ActiveCfg = Debug|Any CPU
		{73AD578F-6A23-41A5-ACA2-E1DF1BAF21E8}.Debug|Any CPU.Build.0 = Debug|Any CPU
		{73AD578F-6A23-41A5-ACA2-E1DF1BAF21E8}.Debug|ARM.ActiveCfg = Debug|Any CPU
		{73AD578F-6A23-41A5-ACA2-E1DF1BAF21E8}.Debug|x64.ActiveCfg = Debug|Any CPU
		{73AD578F-6A23-41A5-ACA2-E1DF1BAF21E8}.Debug|x86.ActiveCfg = Debug|Any CPU
		{73AD578F-6A23-41A5-ACA2-E1DF1BAF21E8}.Release|Any CPU.ActiveCfg = Release|Any CPU
		{73AD578F-6A23-41A5-ACA2-E1DF1BAF21E8}.Release|Any CPU.Build.0 = Release|Any CPU
		{73AD578F-6A23-41A5-ACA2-E1DF1BAF21E8}.Release|ARM.ActiveCfg = Release|Any CPU
		{73AD578F-6A23-41A5-ACA2-E1DF1BAF21E8}.Release|x64.ActiveCfg = Release|Any CPU
		{73AD578F-6A23-41A5-ACA2-E1DF1BAF21E8}.Release|x86.ActiveCfg = Release|Any CPU
		{45033956-2675-4B6A-B86E-19BB254CC90E}.Debug|Any CPU.ActiveCfg = Debug|Any CPU
		{45033956-2675-4B6A-B86E-19BB254CC90E}.Debug|Any CPU.Build.0 = Debug|Any CPU
		{45033956-2675-4B6A-B86E-19BB254CC90E}.Debug|ARM.ActiveCfg = Debug|Any CPU
		{45033956-2675-4B6A-B86E-19BB254CC90E}.Debug|x64.ActiveCfg = Debug|Any CPU
		{45033956-2675-4B6A-B86E-19BB254CC90E}.Debug|x86.ActiveCfg = Debug|Any CPU
		{45033956-2675-4B6A-B86E-19BB254CC90E}.Release|Any CPU.ActiveCfg = Release|Any CPU
		{45033956-2675-4B6A-B86E-19BB254CC90E}.Release|Any CPU.Build.0 = Release|Any CPU
		{45033956-2675-4B6A-B86E-19BB254CC90E}.Release|ARM.ActiveCfg = Release|Any CPU
		{45033956-2675-4B6A-B86E-19BB254CC90E}.Release|x64.ActiveCfg = Release|Any CPU
		{45033956-2675-4B6A-B86E-19BB254CC90E}.Release|x86.ActiveCfg = Release|Any CPU
		{638D2042-2FC9-47F3-AA69-1189F58FB8EA}.Debug|Any CPU.ActiveCfg = Debug|Any CPU
		{638D2042-2FC9-47F3-AA69-1189F58FB8EA}.Debug|Any CPU.Build.0 = Debug|Any CPU
		{638D2042-2FC9-47F3-AA69-1189F58FB8EA}.Debug|ARM.ActiveCfg = Debug|Any CPU
		{638D2042-2FC9-47F3-AA69-1189F58FB8EA}.Debug|x64.ActiveCfg = Debug|Any CPU
		{638D2042-2FC9-47F3-AA69-1189F58FB8EA}.Debug|x86.ActiveCfg = Debug|Any CPU
		{638D2042-2FC9-47F3-AA69-1189F58FB8EA}.Release|Any CPU.ActiveCfg = Release|Any CPU
		{638D2042-2FC9-47F3-AA69-1189F58FB8EA}.Release|Any CPU.Build.0 = Release|Any CPU
		{638D2042-2FC9-47F3-AA69-1189F58FB8EA}.Release|ARM.ActiveCfg = Release|Any CPU
		{638D2042-2FC9-47F3-AA69-1189F58FB8EA}.Release|x64.ActiveCfg = Release|Any CPU
		{638D2042-2FC9-47F3-AA69-1189F58FB8EA}.Release|x86.ActiveCfg = Release|Any CPU
		{728DB771-2861-4118-AB19-B88B63C3FEFD}.Debug|Any CPU.ActiveCfg = Debug|Any CPU
		{728DB771-2861-4118-AB19-B88B63C3FEFD}.Debug|Any CPU.Build.0 = Debug|Any CPU
		{728DB771-2861-4118-AB19-B88B63C3FEFD}.Debug|ARM.ActiveCfg = Debug|Any CPU
		{728DB771-2861-4118-AB19-B88B63C3FEFD}.Debug|x64.ActiveCfg = Debug|Any CPU
		{728DB771-2861-4118-AB19-B88B63C3FEFD}.Debug|x86.ActiveCfg = Debug|Any CPU
		{728DB771-2861-4118-AB19-B88B63C3FEFD}.Release|Any CPU.ActiveCfg = Release|Any CPU
		{728DB771-2861-4118-AB19-B88B63C3FEFD}.Release|Any CPU.Build.0 = Release|Any CPU
		{728DB771-2861-4118-AB19-B88B63C3FEFD}.Release|ARM.ActiveCfg = Release|Any CPU
		{728DB771-2861-4118-AB19-B88B63C3FEFD}.Release|x64.ActiveCfg = Release|Any CPU
		{728DB771-2861-4118-AB19-B88B63C3FEFD}.Release|x86.ActiveCfg = Release|Any CPU
		{411595D3-95E6-48F4-850F-875848AB7CE6}.Debug|Any CPU.ActiveCfg = Debug|Any CPU
		{411595D3-95E6-48F4-850F-875848AB7CE6}.Debug|Any CPU.Build.0 = Debug|Any CPU
		{411595D3-95E6-48F4-850F-875848AB7CE6}.Debug|Any CPU.Deploy.0 = Debug|Any CPU
		{411595D3-95E6-48F4-850F-875848AB7CE6}.Debug|ARM.ActiveCfg = Debug|ARM
		{411595D3-95E6-48F4-850F-875848AB7CE6}.Debug|ARM.Build.0 = Debug|ARM
		{411595D3-95E6-48F4-850F-875848AB7CE6}.Debug|ARM.Deploy.0 = Debug|ARM
		{411595D3-95E6-48F4-850F-875848AB7CE6}.Debug|x64.ActiveCfg = Debug|x64
		{411595D3-95E6-48F4-850F-875848AB7CE6}.Debug|x64.Build.0 = Debug|x64
		{411595D3-95E6-48F4-850F-875848AB7CE6}.Debug|x64.Deploy.0 = Debug|x64
		{411595D3-95E6-48F4-850F-875848AB7CE6}.Debug|x86.ActiveCfg = Debug|x86
		{411595D3-95E6-48F4-850F-875848AB7CE6}.Debug|x86.Build.0 = Debug|x86
		{411595D3-95E6-48F4-850F-875848AB7CE6}.Debug|x86.Deploy.0 = Debug|x86
		{411595D3-95E6-48F4-850F-875848AB7CE6}.Release|Any CPU.ActiveCfg = Release|Any CPU
		{411595D3-95E6-48F4-850F-875848AB7CE6}.Release|Any CPU.Build.0 = Release|Any CPU
		{411595D3-95E6-48F4-850F-875848AB7CE6}.Release|Any CPU.Deploy.0 = Release|Any CPU
		{411595D3-95E6-48F4-850F-875848AB7CE6}.Release|ARM.ActiveCfg = Release|ARM
		{411595D3-95E6-48F4-850F-875848AB7CE6}.Release|ARM.Build.0 = Release|ARM
		{411595D3-95E6-48F4-850F-875848AB7CE6}.Release|ARM.Deploy.0 = Release|ARM
		{411595D3-95E6-48F4-850F-875848AB7CE6}.Release|x64.ActiveCfg = Release|x64
		{411595D3-95E6-48F4-850F-875848AB7CE6}.Release|x64.Build.0 = Release|x64
		{411595D3-95E6-48F4-850F-875848AB7CE6}.Release|x64.Deploy.0 = Release|x64
		{411595D3-95E6-48F4-850F-875848AB7CE6}.Release|x86.ActiveCfg = Release|x86
		{411595D3-95E6-48F4-850F-875848AB7CE6}.Release|x86.Build.0 = Release|x86
		{411595D3-95E6-48F4-850F-875848AB7CE6}.Release|x86.Deploy.0 = Release|x86
		{AF5BFDFD-BEC5-4E69-930E-8B78BABA8786}.Debug|Any CPU.ActiveCfg = Debug|Any CPU
		{AF5BFDFD-BEC5-4E69-930E-8B78BABA8786}.Debug|Any CPU.Build.0 = Debug|Any CPU
		{AF5BFDFD-BEC5-4E69-930E-8B78BABA8786}.Debug|Any CPU.Deploy.0 = Debug|Any CPU
		{AF5BFDFD-BEC5-4E69-930E-8B78BABA8786}.Debug|ARM.ActiveCfg = Debug|ARM
		{AF5BFDFD-BEC5-4E69-930E-8B78BABA8786}.Debug|ARM.Build.0 = Debug|ARM
		{AF5BFDFD-BEC5-4E69-930E-8B78BABA8786}.Debug|ARM.Deploy.0 = Debug|ARM
		{AF5BFDFD-BEC5-4E69-930E-8B78BABA8786}.Debug|x64.ActiveCfg = Debug|x64
		{AF5BFDFD-BEC5-4E69-930E-8B78BABA8786}.Debug|x64.Build.0 = Debug|x64
		{AF5BFDFD-BEC5-4E69-930E-8B78BABA8786}.Debug|x64.Deploy.0 = Debug|x64
		{AF5BFDFD-BEC5-4E69-930E-8B78BABA8786}.Debug|x86.ActiveCfg = Debug|x86
		{AF5BFDFD-BEC5-4E69-930E-8B78BABA8786}.Debug|x86.Build.0 = Debug|x86
		{AF5BFDFD-BEC5-4E69-930E-8B78BABA8786}.Debug|x86.Deploy.0 = Debug|x86
		{AF5BFDFD-BEC5-4E69-930E-8B78BABA8786}.Release|Any CPU.ActiveCfg = Release|Any CPU
		{AF5BFDFD-BEC5-4E69-930E-8B78BABA8786}.Release|Any CPU.Build.0 = Release|Any CPU
		{AF5BFDFD-BEC5-4E69-930E-8B78BABA8786}.Release|Any CPU.Deploy.0 = Release|Any CPU
		{AF5BFDFD-BEC5-4E69-930E-8B78BABA8786}.Release|ARM.ActiveCfg = Release|ARM
		{AF5BFDFD-BEC5-4E69-930E-8B78BABA8786}.Release|ARM.Build.0 = Release|ARM
		{AF5BFDFD-BEC5-4E69-930E-8B78BABA8786}.Release|ARM.Deploy.0 = Release|ARM
		{AF5BFDFD-BEC5-4E69-930E-8B78BABA8786}.Release|x64.ActiveCfg = Release|x64
		{AF5BFDFD-BEC5-4E69-930E-8B78BABA8786}.Release|x64.Build.0 = Release|x64
		{AF5BFDFD-BEC5-4E69-930E-8B78BABA8786}.Release|x64.Deploy.0 = Release|x64
		{AF5BFDFD-BEC5-4E69-930E-8B78BABA8786}.Release|x86.ActiveCfg = Release|x86
		{AF5BFDFD-BEC5-4E69-930E-8B78BABA8786}.Release|x86.Build.0 = Release|x86
		{AF5BFDFD-BEC5-4E69-930E-8B78BABA8786}.Release|x86.Deploy.0 = Release|x86
		{856212AB-B3E0-4A76-AA11-27174A28EC7A}.Debug|Any CPU.ActiveCfg = Debug|Any CPU
		{856212AB-B3E0-4A76-AA11-27174A28EC7A}.Debug|Any CPU.Build.0 = Debug|Any CPU
		{856212AB-B3E0-4A76-AA11-27174A28EC7A}.Debug|Any CPU.Deploy.0 = Debug|Any CPU
		{856212AB-B3E0-4A76-AA11-27174A28EC7A}.Debug|ARM.ActiveCfg = Debug|ARM
		{856212AB-B3E0-4A76-AA11-27174A28EC7A}.Debug|ARM.Build.0 = Debug|ARM
		{856212AB-B3E0-4A76-AA11-27174A28EC7A}.Debug|ARM.Deploy.0 = Debug|ARM
		{856212AB-B3E0-4A76-AA11-27174A28EC7A}.Debug|x64.ActiveCfg = Debug|x64
		{856212AB-B3E0-4A76-AA11-27174A28EC7A}.Debug|x64.Build.0 = Debug|x64
		{856212AB-B3E0-4A76-AA11-27174A28EC7A}.Debug|x64.Deploy.0 = Debug|x64
		{856212AB-B3E0-4A76-AA11-27174A28EC7A}.Debug|x86.ActiveCfg = Debug|x86
		{856212AB-B3E0-4A76-AA11-27174A28EC7A}.Debug|x86.Build.0 = Debug|x86
		{856212AB-B3E0-4A76-AA11-27174A28EC7A}.Debug|x86.Deploy.0 = Debug|x86
		{856212AB-B3E0-4A76-AA11-27174A28EC7A}.Release|Any CPU.ActiveCfg = Release|Any CPU
		{856212AB-B3E0-4A76-AA11-27174A28EC7A}.Release|Any CPU.Build.0 = Release|Any CPU
		{856212AB-B3E0-4A76-AA11-27174A28EC7A}.Release|Any CPU.Deploy.0 = Release|Any CPU
		{856212AB-B3E0-4A76-AA11-27174A28EC7A}.Release|ARM.ActiveCfg = Release|ARM
		{856212AB-B3E0-4A76-AA11-27174A28EC7A}.Release|ARM.Build.0 = Release|ARM
		{856212AB-B3E0-4A76-AA11-27174A28EC7A}.Release|ARM.Deploy.0 = Release|ARM
		{856212AB-B3E0-4A76-AA11-27174A28EC7A}.Release|x64.ActiveCfg = Release|x64
		{856212AB-B3E0-4A76-AA11-27174A28EC7A}.Release|x64.Build.0 = Release|x64
		{856212AB-B3E0-4A76-AA11-27174A28EC7A}.Release|x64.Deploy.0 = Release|x64
		{856212AB-B3E0-4A76-AA11-27174A28EC7A}.Release|x86.ActiveCfg = Release|x86
		{856212AB-B3E0-4A76-AA11-27174A28EC7A}.Release|x86.Build.0 = Release|x86
		{856212AB-B3E0-4A76-AA11-27174A28EC7A}.Release|x86.Deploy.0 = Release|x86
		{CC1F03A4-15AB-45B3-803C-88C32249493D}.Debug|Any CPU.ActiveCfg = Debug|Any CPU
		{CC1F03A4-15AB-45B3-803C-88C32249493D}.Debug|Any CPU.Build.0 = Debug|Any CPU
		{CC1F03A4-15AB-45B3-803C-88C32249493D}.Debug|Any CPU.Deploy.0 = Debug|Any CPU
		{CC1F03A4-15AB-45B3-803C-88C32249493D}.Debug|ARM.ActiveCfg = Debug|ARM
		{CC1F03A4-15AB-45B3-803C-88C32249493D}.Debug|ARM.Build.0 = Debug|ARM
		{CC1F03A4-15AB-45B3-803C-88C32249493D}.Debug|ARM.Deploy.0 = Debug|ARM
		{CC1F03A4-15AB-45B3-803C-88C32249493D}.Debug|x64.ActiveCfg = Debug|x64
		{CC1F03A4-15AB-45B3-803C-88C32249493D}.Debug|x64.Build.0 = Debug|x64
		{CC1F03A4-15AB-45B3-803C-88C32249493D}.Debug|x64.Deploy.0 = Debug|x64
		{CC1F03A4-15AB-45B3-803C-88C32249493D}.Debug|x86.ActiveCfg = Debug|x86
		{CC1F03A4-15AB-45B3-803C-88C32249493D}.Debug|x86.Build.0 = Debug|x86
		{CC1F03A4-15AB-45B3-803C-88C32249493D}.Debug|x86.Deploy.0 = Debug|x86
		{CC1F03A4-15AB-45B3-803C-88C32249493D}.Release|Any CPU.ActiveCfg = Release|Any CPU
		{CC1F03A4-15AB-45B3-803C-88C32249493D}.Release|Any CPU.Build.0 = Release|Any CPU
		{CC1F03A4-15AB-45B3-803C-88C32249493D}.Release|Any CPU.Deploy.0 = Release|Any CPU
		{CC1F03A4-15AB-45B3-803C-88C32249493D}.Release|ARM.ActiveCfg = Release|ARM
		{CC1F03A4-15AB-45B3-803C-88C32249493D}.Release|ARM.Build.0 = Release|ARM
		{CC1F03A4-15AB-45B3-803C-88C32249493D}.Release|ARM.Deploy.0 = Release|ARM
		{CC1F03A4-15AB-45B3-803C-88C32249493D}.Release|x64.ActiveCfg = Release|x64
		{CC1F03A4-15AB-45B3-803C-88C32249493D}.Release|x64.Build.0 = Release|x64
		{CC1F03A4-15AB-45B3-803C-88C32249493D}.Release|x64.Deploy.0 = Release|x64
		{CC1F03A4-15AB-45B3-803C-88C32249493D}.Release|x86.ActiveCfg = Release|x86
		{CC1F03A4-15AB-45B3-803C-88C32249493D}.Release|x86.Build.0 = Release|x86
		{CC1F03A4-15AB-45B3-803C-88C32249493D}.Release|x86.Deploy.0 = Release|x86
		{E2185DE8-A0A4-4CD1-BE24-5CBF051A32E7}.Debug|Any CPU.ActiveCfg = Debug|Any CPU
		{E2185DE8-A0A4-4CD1-BE24-5CBF051A32E7}.Debug|Any CPU.Build.0 = Debug|Any CPU
		{E2185DE8-A0A4-4CD1-BE24-5CBF051A32E7}.Debug|Any CPU.Deploy.0 = Debug|Any CPU
		{E2185DE8-A0A4-4CD1-BE24-5CBF051A32E7}.Debug|ARM.ActiveCfg = Debug|ARM
		{E2185DE8-A0A4-4CD1-BE24-5CBF051A32E7}.Debug|ARM.Build.0 = Debug|ARM
		{E2185DE8-A0A4-4CD1-BE24-5CBF051A32E7}.Debug|ARM.Deploy.0 = Debug|ARM
		{E2185DE8-A0A4-4CD1-BE24-5CBF051A32E7}.Debug|x64.ActiveCfg = Debug|x64
		{E2185DE8-A0A4-4CD1-BE24-5CBF051A32E7}.Debug|x64.Build.0 = Debug|x64
		{E2185DE8-A0A4-4CD1-BE24-5CBF051A32E7}.Debug|x64.Deploy.0 = Debug|x64
		{E2185DE8-A0A4-4CD1-BE24-5CBF051A32E7}.Debug|x86.ActiveCfg = Debug|x86
		{E2185DE8-A0A4-4CD1-BE24-5CBF051A32E7}.Debug|x86.Build.0 = Debug|x86
		{E2185DE8-A0A4-4CD1-BE24-5CBF051A32E7}.Debug|x86.Deploy.0 = Debug|x86
		{E2185DE8-A0A4-4CD1-BE24-5CBF051A32E7}.Release|Any CPU.ActiveCfg = Release|Any CPU
		{E2185DE8-A0A4-4CD1-BE24-5CBF051A32E7}.Release|Any CPU.Build.0 = Release|Any CPU
		{E2185DE8-A0A4-4CD1-BE24-5CBF051A32E7}.Release|Any CPU.Deploy.0 = Release|Any CPU
		{E2185DE8-A0A4-4CD1-BE24-5CBF051A32E7}.Release|ARM.ActiveCfg = Release|ARM
		{E2185DE8-A0A4-4CD1-BE24-5CBF051A32E7}.Release|ARM.Build.0 = Release|ARM
		{E2185DE8-A0A4-4CD1-BE24-5CBF051A32E7}.Release|ARM.Deploy.0 = Release|ARM
		{E2185DE8-A0A4-4CD1-BE24-5CBF051A32E7}.Release|x64.ActiveCfg = Release|x64
		{E2185DE8-A0A4-4CD1-BE24-5CBF051A32E7}.Release|x64.Build.0 = Release|x64
		{E2185DE8-A0A4-4CD1-BE24-5CBF051A32E7}.Release|x64.Deploy.0 = Release|x64
		{E2185DE8-A0A4-4CD1-BE24-5CBF051A32E7}.Release|x86.ActiveCfg = Release|x86
		{E2185DE8-A0A4-4CD1-BE24-5CBF051A32E7}.Release|x86.Build.0 = Release|x86
		{E2185DE8-A0A4-4CD1-BE24-5CBF051A32E7}.Release|x86.Deploy.0 = Release|x86
		{7AADF27C-6DA8-44EF-8F4F-3B69CA7A6404}.Debug|Any CPU.ActiveCfg = Debug|Any CPU
		{7AADF27C-6DA8-44EF-8F4F-3B69CA7A6404}.Debug|Any CPU.Build.0 = Debug|Any CPU
		{7AADF27C-6DA8-44EF-8F4F-3B69CA7A6404}.Debug|ARM.ActiveCfg = Debug|Any CPU
		{7AADF27C-6DA8-44EF-8F4F-3B69CA7A6404}.Debug|x64.ActiveCfg = Debug|Any CPU
		{7AADF27C-6DA8-44EF-8F4F-3B69CA7A6404}.Debug|x86.ActiveCfg = Debug|Any CPU
		{7AADF27C-6DA8-44EF-8F4F-3B69CA7A6404}.Release|Any CPU.ActiveCfg = Release|Any CPU
		{7AADF27C-6DA8-44EF-8F4F-3B69CA7A6404}.Release|Any CPU.Build.0 = Release|Any CPU
		{7AADF27C-6DA8-44EF-8F4F-3B69CA7A6404}.Release|ARM.ActiveCfg = Release|Any CPU
		{7AADF27C-6DA8-44EF-8F4F-3B69CA7A6404}.Release|x64.ActiveCfg = Release|Any CPU
		{7AADF27C-6DA8-44EF-8F4F-3B69CA7A6404}.Release|x86.ActiveCfg = Release|Any CPU
	EndGlobalSection
	GlobalSection(SolutionProperties) = preSolution
		HideSolutionNode = FALSE
	EndGlobalSection
	GlobalSection(NestedProjects) = preSolution
		{0655C39F-211B-477F-8D6C-FA34781B3AF7} = {A3A39158-6EB9-4697-848D-F9EF4F61415A}
		{411595D3-95E6-48F4-850F-875848AB7CE6} = {A3A39158-6EB9-4697-848D-F9EF4F61415A}
		{7AADF27C-6DA8-44EF-8F4F-3B69CA7A6404} = {A3A39158-6EB9-4697-848D-F9EF4F61415A}
		{73AD578F-6A23-41A5-ACA2-E1DF1BAF21E8} = {066EFA26-20B2-4B4C-AB07-077E6FB5A4C1}
		{AF5BFDFD-BEC5-4E69-930E-8B78BABA8786} = {066EFA26-20B2-4B4C-AB07-077E6FB5A4C1}
		{45033956-2675-4B6A-B86E-19BB254CC90E} = {AE83FB79-CF8B-4C2A-88DE-E3642285C5C9}
		{856212AB-B3E0-4A76-AA11-27174A28EC7A} = {AE83FB79-CF8B-4C2A-88DE-E3642285C5C9}
		{638D2042-2FC9-47F3-AA69-1189F58FB8EA} = {2F2607D7-6513-401D-8165-4477A34824B8}
		{CC1F03A4-15AB-45B3-803C-88C32249493D} = {2F2607D7-6513-401D-8165-4477A34824B8}
		{728DB771-2861-4118-AB19-B88B63C3FEFD} = {2C97F0BD-141B-4060-89C1-0F7DA7175D2F}
		{E2185DE8-A0A4-4CD1-BE24-5CBF051A32E7} = {2C97F0BD-141B-4060-89C1-0F7DA7175D2F}
	EndGlobalSection
EndGlobal
